
Microsoft Visual Studio Solution File, Format Version 12.00
# Visual Studio Version 16
VisualStudioVersion = 16.0.31624.102
MinimumVisualStudioVersion = 10.0.40219.1
Project("{8BC9CEB8-8B4A-11D0-8D11-00A0C91BC942}") = "Concepts", "Design\Design.vcxproj", "{EB67F488-D9AB-451B-A04A-FA9A554D3EB5}"
EndProject
Project("{8BC9CEB8-8B4A-11D0-8D11-00A0C91BC942}") = "DesignPatterns", "DesignPatterns\DesignPatterns.vcxproj", "{35C5955A-D6B5-4BD9-B770-D02081C6466E}"
EndProject
Project("{8BC9CEB8-8B4A-11D0-8D11-00A0C91BC942}") = "myUnitTest", "myUnitTest\myUnitTest.vcxproj", "{3FD5053D-FCC0-4872-A5B4-2158B8B34DA1}"
EndProject
Global
	GlobalSection(SolutionConfigurationPlatforms) = preSolution
		Debug|x64 = Debug|x64
		Debug|x86 = Debug|x86
		Release|x64 = Release|x64
		Release|x86 = Release|x86
	EndGlobalSection
	GlobalSection(ProjectConfigurationPlatforms) = postSolution
		{EB67F488-D9AB-451B-A04A-FA9A554D3EB5}.Debug|x64.ActiveCfg = Debug|x64
		{EB67F488-D9AB-451B-A04A-FA9A554D3EB5}.Debug|x64.Build.0 = Debug|x64
		{EB67F488-D9AB-451B-A04A-FA9A554D3EB5}.Debug|x86.ActiveCfg = Debug|Win32
		{EB67F488-D9AB-451B-A04A-FA9A554D3EB5}.Debug|x86.Build.0 = Debug|Win32
		{EB67F488-D9AB-451B-A04A-FA9A554D3EB5}.Release|x64.ActiveCfg = Release|x64
		{EB67F488-D9AB-451B-A04A-FA9A554D3EB5}.Release|x64.Build.0 = Release|x64
		{EB67F488-D9AB-451B-A04A-FA9A554D3EB5}.Release|x86.ActiveCfg = Release|Win32
		{EB67F488-D9AB-451B-A04A-FA9A554D3EB5}.Release|x86.Build.0 = Release|Win32
		{35C5955A-D6B5-4BD9-B770-D02081C6466E}.Debug|x64.ActiveCfg = Debug|x64
		{35C5955A-D6B5-4BD9-B770-D02081C6466E}.Debug|x64.Build.0 = Debug|x64
		{35C5955A-D6B5-4BD9-B770-D02081C6466E}.Debug|x86.ActiveCfg = Debug|Win32
		{35C5955A-D6B5-4BD9-B770-D02081C6466E}.Debug|x86.Build.0 = Debug|Win32
		{35C5955A-D6B5-4BD9-B770-D02081C6466E}.Release|x64.ActiveCfg = Release|x64
		{35C5955A-D6B5-4BD9-B770-D02081C6466E}.Release|x64.Build.0 = Release|x64
		{35C5955A-D6B5-4BD9-B770-D02081C6466E}.Release|x86.ActiveCfg = Release|Win32
		{35C5955A-D6B5-4BD9-B770-D02081C6466E}.Release|x86.Build.0 = Release|Win32
		{3FD5053D-FCC0-4872-A5B4-2158B8B34DA1}.Debug|x64.ActiveCfg = Debug|x64
		{3FD5053D-FCC0-4872-A5B4-2158B8B34DA1}.Debug|x64.Build.0 = Debug|x64
		{3FD5053D-FCC0-4872-A5B4-2158B8B34DA1}.Debug|x86.ActiveCfg = Debug|Win32
		{3FD5053D-FCC0-4872-A5B4-2158B8B34DA1}.Debug|x86.Build.0 = Debug|Win32
		{3FD5053D-FCC0-4872-A5B4-2158B8B34DA1}.Release|x64.ActiveCfg = Release|x64
		{3FD5053D-FCC0-4872-A5B4-2158B8B34DA1}.Release|x64.Build.0 = Release|x64
		{3FD5053D-FCC0-4872-A5B4-2158B8B34DA1}.Release|x86.ActiveCfg = Release|Win32
		{3FD5053D-FCC0-4872-A5B4-2158B8B34DA1}.Release|x86.Build.0 = Release|Win32
	EndGlobalSection
	GlobalSection(SolutionProperties) = preSolution
		HideSolutionNode = FALSE
	EndGlobalSection
	GlobalSection(ExtensibilityGlobals) = postSolution
		SolutionGuid = {BF85EF52-B5D5-4D0E-89EC-B4AE996E7722}
	EndGlobalSection
EndGlobal
